
Microsoft Visual Studio Solution File, Format Version 12.00
# Visual Studio Version 17
VisualStudioVersion = 17.5.33516.290
MinimumVisualStudioVersion = 10.0.40219.1
Project("{9A19103F-16F7-4668-BE54-9A1E7A4F7556}") = "Frends.HIT.FinancialServices.Nordea", "Frends.HIT.FinancialServices.Nordea\Frends.HIT.FinancialServices.Nordea.csproj", "{B2691E12-4125-4F04-AEB9-245DCE01F027}"
EndProject
Project("{FAE04EC0-301F-11D3-BF4B-00C04F79EFBC}") = "Frends.HIT.FinancialServices.Nordea.TestRunner", "Frends.HIT.FinancialServices.Nordea.TestRunner\Frends.HIT.FinancialServices.Nordea.TestRunner.csproj", "{CFD96F2B-8033-4769-88A3-43B40A19C085}"
EndProject
Global
	GlobalSection(SolutionConfigurationPlatforms) = preSolution
		Debug|Any CPU = Debug|Any CPU
		Release|Any CPU = Release|Any CPU
	EndGlobalSection
	GlobalSection(ProjectConfigurationPlatforms) = postSolution
		{B2691E12-4125-4F04-AEB9-245DCE01F027}.Debug|Any CPU.ActiveCfg = Debug|Any CPU
		{B2691E12-4125-4F04-AEB9-245DCE01F027}.Debug|Any CPU.Build.0 = Debug|Any CPU
		{B2691E12-4125-4F04-AEB9-245DCE01F027}.Release|Any CPU.ActiveCfg = Release|Any CPU
		{B2691E12-4125-4F04-AEB9-245DCE01F027}.Release|Any CPU.Build.0 = Release|Any CPU
		{CFD96F2B-8033-4769-88A3-43B40A19C085}.Debug|Any CPU.ActiveCfg = Debug|Any CPU
		{CFD96F2B-8033-4769-88A3-43B40A19C085}.Debug|Any CPU.Build.0 = Debug|Any CPU
		{CFD96F2B-8033-4769-88A3-43B40A19C085}.Release|Any CPU.ActiveCfg = Release|Any CPU
		{CFD96F2B-8033-4769-88A3-43B40A19C085}.Release|Any CPU.Build.0 = Release|Any CPU
	EndGlobalSection
	GlobalSection(SolutionProperties) = preSolution
		HideSolutionNode = FALSE
	EndGlobalSection
	GlobalSection(ExtensibilityGlobals) = postSolution
		SolutionGuid = {D150E9C2-8DC7-415B-BEC0-ADE08458E0B8}
	EndGlobalSection
EndGlobal
